
Microsoft Visual Studio Solution File, Format Version 12.00
# Visual Studio Version 17
VisualStudioVersion = 17.2.32630.192
MinimumVisualStudioVersion = 10.0.40219.1
Project("{9A19103F-16F7-4668-BE54-9A1E7A4F7556}") = "GraphQL.NET", "GraphQL.NET\GraphQL.NET.csproj", "{A248AA07-1169-4361-A356-3D8371AB0DDC}"
EndProject
Project("{9A19103F-16F7-4668-BE54-9A1E7A4F7556}") = "ApiTest.V1", "RestSharpTestV1\ApiTest.V1\ApiTest.V1.csproj", "{E4BA37AD-350B-42FA-9931-1B8976A4F547}"
EndProject
Global
	GlobalSection(SolutionConfigurationPlatforms) = preSolution
		Debug|Any CPU = Debug|Any CPU
		Release|Any CPU = Release|Any CPU
	EndGlobalSection
	GlobalSection(ProjectConfigurationPlatforms) = postSolution
		{A248AA07-1169-4361-A356-3D8371AB0DDC}.Debug|Any CPU.ActiveCfg = Debug|Any CPU
		{A248AA07-1169-4361-A356-3D8371AB0DDC}.Debug|Any CPU.Build.0 = Debug|Any CPU
		{A248AA07-1169-4361-A356-3D8371AB0DDC}.Release|Any CPU.ActiveCfg = Release|Any CPU
		{A248AA07-1169-4361-A356-3D8371AB0DDC}.Release|Any CPU.Build.0 = Release|Any CPU
		{E4BA37AD-350B-42FA-9931-1B8976A4F547}.Debug|Any CPU.ActiveCfg = Debug|Any CPU
		{E4BA37AD-350B-42FA-9931-1B8976A4F547}.Debug|Any CPU.Build.0 = Debug|Any CPU
		{E4BA37AD-350B-42FA-9931-1B8976A4F547}.Release|Any CPU.ActiveCfg = Release|Any CPU
		{E4BA37AD-350B-42FA-9931-1B8976A4F547}.Release|Any CPU.Build.0 = Release|Any CPU
	EndGlobalSection
	GlobalSection(SolutionProperties) = preSolution
		HideSolutionNode = FALSE
	EndGlobalSection
	GlobalSection(ExtensibilityGlobals) = postSolution
		SolutionGuid = {234AF918-4A20-4FCB-9B88-C47FACEECBDF}
	EndGlobalSection
EndGlobal
