
Microsoft Visual Studio Solution File, Format Version 12.00
# Visual Studio Version 17
VisualStudioVersion = 17.2.32630.192
MinimumVisualStudioVersion = 10.0.40219.1
Project("{FAE04EC0-301F-11D3-BF4B-00C04F79EFBC}") = "ApiTest.V1", "ApiTest.V1\ApiTest.V1.csproj", "{2E2B97D3-556D-4E96-AD60-BF4D1060BF6C}"
EndProject
Global
	GlobalSection(SolutionConfigurationPlatforms) = preSolution
		Debug|Any CPU = Debug|Any CPU
		Release|Any CPU = Release|Any CPU
	EndGlobalSection
	GlobalSection(ProjectConfigurationPlatforms) = postSolution
		{2E2B97D3-556D-4E96-AD60-BF4D1060BF6C}.Debug|Any CPU.ActiveCfg = Debug|Any CPU
		{2E2B97D3-556D-4E96-AD60-BF4D1060BF6C}.Debug|Any CPU.Build.0 = Debug|Any CPU
		{2E2B97D3-556D-4E96-AD60-BF4D1060BF6C}.Release|Any CPU.ActiveCfg = Release|Any CPU
		{2E2B97D3-556D-4E96-AD60-BF4D1060BF6C}.Release|Any CPU.Build.0 = Release|Any CPU
	EndGlobalSection
	GlobalSection(SolutionProperties) = preSolution
		HideSolutionNode = FALSE
	EndGlobalSection
	GlobalSection(ExtensibilityGlobals) = postSolution
		SolutionGuid = {6EE602F5-F9A5-451C-B341-1E924A78E579}
	EndGlobalSection
EndGlobal
